// !$*UTF8*$!
{
	archiveVersion = 1;
	classes = {
	};
	objectVersion = 46;
	objects = {

/* Begin PBXBuildFile section */
		8C19CFCF1EA9F9FD00A109C9 /* PokeCell.swift in Sources */ = {isa = PBXBuildFile; fileRef = 8C19CFCE1EA9F9FD00A109C9 /* PokeCell.swift */; };
		8C19D0141EAB106800A109C9 /* csv.swift in Sources */ = {isa = PBXBuildFile; fileRef = 8C19D0131EAB106800A109C9 /* csv.swift */; };
		8CEC19491EA9722C00D4DE48 /* AppDelegate.swift in Sources */ = {isa = PBXBuildFile; fileRef = 8CEC19481EA9722C00D4DE48 /* AppDelegate.swift */; };
		8CEC194B1EA9722C00D4DE48 /* ViewController.swift in Sources */ = {isa = PBXBuildFile; fileRef = 8CEC194A1EA9722C00D4DE48 /* ViewController.swift */; };
		8CEC194E1EA9722C00D4DE48 /* Main.storyboard in Resources */ = {isa = PBXBuildFile; fileRef = 8CEC194C1EA9722C00D4DE48 /* Main.storyboard */; };
		8CEC19501EA9722C00D4DE48 /* Assets.xcassets in Resources */ = {isa = PBXBuildFile; fileRef = 8CEC194F1EA9722C00D4DE48 /* Assets.xcassets */; };
		8CEC19531EA9722C00D4DE48 /* LaunchScreen.storyboard in Resources */ = {isa = PBXBuildFile; fileRef = 8CEC19511EA9722C00D4DE48 /* LaunchScreen.storyboard */; };
		8CEC195D1EA9785400D4DE48 /* pokemon.csv in Resources */ = {isa = PBXBuildFile; fileRef = 8CEC195C1EA9785400D4DE48 /* pokemon.csv */; };
		8CEC195F1EA9790300D4DE48 /* Pokemon.swift in Sources */ = {isa = PBXBuildFile; fileRef = 8CEC195E1EA9790300D4DE48 /* Pokemon.swift */; };
/* End PBXBuildFile section */

/* Begin PBXFileReference section */
		8C19CFCE1EA9F9FD00A109C9 /* PokeCell.swift */ = {isa = PBXFileReference; fileEncoding = 4; lastKnownFileType = sourcecode.swift; path = PokeCell.swift; sourceTree = "<group>"; };
		8C19D0131EAB106800A109C9 /* csv.swift */ = {isa = PBXFileReference; fileEncoding = 4; lastKnownFileType = sourcecode.swift; path = csv.swift; sourceTree = "<group>"; };
		8CEC19451EA9722C00D4DE48 /* Pokedex.app */ = {isa = PBXFileReference; explicitFileType = wrapper.application; includeInIndex = 0; path = Pokedex.app; sourceTree = BUILT_PRODUCTS_DIR; };
		8CEC19481EA9722C00D4DE48 /* AppDelegate.swift */ = {isa = PBXFileReference; lastKnownFileType = sourcecode.swift; path = AppDelegate.swift; sourceTree = "<group>"; };
		8CEC194A1EA9722C00D4DE48 /* ViewController.swift */ = {isa = PBXFileReference; lastKnownFileType = sourcecode.swift; path = ViewController.swift; sourceTree = "<group>"; };
		8CEC194D1EA9722C00D4DE48 /* Base */ = {isa = PBXFileReference; lastKnownFileType = file.storyboard; name = Base; path = Base.lproj/Main.storyboard; sourceTree = "<group>"; };
		8CEC194F1EA9722C00D4DE48 /* Assets.xcassets */ = {isa = PBXFileReference; lastKnownFileType = folder.assetcatalog; path = Assets.xcassets; sourceTree = "<group>"; };
		8CEC19521EA9722C00D4DE48 /* Base */ = {isa = PBXFileReference; lastKnownFileType = file.storyboard; name = Base; path = Base.lproj/LaunchScreen.storyboard; sourceTree = "<group>"; };
		8CEC19541EA9722C00D4DE48 /* Info.plist */ = {isa = PBXFileReference; lastKnownFileType = text.plist.xml; path = Info.plist; sourceTree = "<group>"; };
		8CEC195C1EA9785400D4DE48 /* pokemon.csv */ = {isa = PBXFileReference; fileEncoding = 4; lastKnownFileType = text; path = pokemon.csv; sourceTree = "<group>"; };
		8CEC195E1EA9790300D4DE48 /* Pokemon.swift */ = {isa = PBXFileReference; fileEncoding = 4; lastKnownFileType = sourcecode.swift; path = Pokemon.swift; sourceTree = "<group>"; };
/* End PBXFileReference section */

/* Begin PBXFrameworksBuildPhase section */
		8CEC19421EA9722C00D4DE48 /* Frameworks */ = {
			isa = PBXFrameworksBuildPhase;
			buildActionMask = 2147483647;
			files = (
			);
			runOnlyForDeploymentPostprocessing = 0;
		};
/* End PBXFrameworksBuildPhase section */

/* Begin PBXGroup section */
		8C19CFD01EA9FB0400A109C9 /* Controller */ = {
			isa = PBXGroup;
			children = (
				8CEC19481EA9722C00D4DE48 /* AppDelegate.swift */,
				8CEC194A1EA9722C00D4DE48 /* ViewController.swift */,
			);
			name = Controller;
			sourceTree = "<group>";
		};
		8CEC193C1EA9722C00D4DE48 = {
			isa = PBXGroup;
			children = (
				8CEC19471EA9722C00D4DE48 /* Pokedex */,
				8CEC19461EA9722C00D4DE48 /* Products */,
			);
			sourceTree = "<group>";
		};
		8CEC19461EA9722C00D4DE48 /* Products */ = {
			isa = PBXGroup;
			children = (
				8CEC19451EA9722C00D4DE48 /* Pokedex.app */,
			);
			name = Products;
			sourceTree = "<group>";
		};
		8CEC19471EA9722C00D4DE48 /* Pokedex */ = {
			isa = PBXGroup;
			children = (
				8CEC195A1EA9723400D4DE48 /* Model */,
				8CEC195B1EA9723C00D4DE48 /* View */,
				8C19CFD01EA9FB0400A109C9 /* Controller */,
				8CEC194F1EA9722C00D4DE48 /* Assets.xcassets */,
				8C19D0131EAB106800A109C9 /* csv.swift */,
				8CEC195C1EA9785400D4DE48 /* pokemon.csv */,
				8CEC19511EA9722C00D4DE48 /* LaunchScreen.storyboard */,
				8CEC19541EA9722C00D4DE48 /* Info.plist */,
			);
			path = Pokedex;
			sourceTree = "<group>";
		};
		8CEC195A1EA9723400D4DE48 /* Model */ = {
			isa = PBXGroup;
			children = (
				8CEC195E1EA9790300D4DE48 /* Pokemon.swift */,
			);
			name = Model;
			sourceTree = "<group>";
		};
		8CEC195B1EA9723C00D4DE48 /* View */ = {
			isa = PBXGroup;
			children = (
				8CEC194C1EA9722C00D4DE48 /* Main.storyboard */,
				8C19CFCE1EA9F9FD00A109C9 /* PokeCell.swift */,
			);
			name = View;
			sourceTree = "<group>";
		};
/* End PBXGroup section */

/* Begin PBXNativeTarget section */
		8CEC19441EA9722C00D4DE48 /* Pokedex */ = {
			isa = PBXNativeTarget;
			buildConfigurationList = 8CEC19571EA9722C00D4DE48 /* Build configuration list for PBXNativeTarget "Pokedex" */;
			buildPhases = (
				8CEC19411EA9722C00D4DE48 /* Sources */,
				8CEC19421EA9722C00D4DE48 /* Frameworks */,
				8CEC19431EA9722C00D4DE48 /* Resources */,
			);
			buildRules = (
			);
			dependencies = (
			);
			name = Pokedex;
			productName = Pokedex;
			productReference = 8CEC19451EA9722C00D4DE48 /* Pokedex.app */;
			productType = "com.apple.product-type.application";
		};
/* End PBXNativeTarget section */

/* Begin PBXProject section */
		8CEC193D1EA9722C00D4DE48 /* Project object */ = {
			isa = PBXProject;
			attributes = {
				LastSwiftUpdateCheck = 0830;
				LastUpgradeCheck = 0830;
				ORGANIZATIONNAME = "Simon Zhen";
				TargetAttributes = {
					8CEC19441EA9722C00D4DE48 = {
						CreatedOnToolsVersion = 8.3;
						DevelopmentTeam = 94EUZPM3TC;
						LastSwiftMigration = 0830;
						ProvisioningStyle = Automatic;
					};
				};
			};
			buildConfigurationList = 8CEC19401EA9722C00D4DE48 /* Build configuration list for PBXProject "Pokedex" */;
			compatibilityVersion = "Xcode 3.2";
			developmentRegion = English;
			hasScannedForEncodings = 0;
			knownRegions = (
				en,
				Base,
			);
			mainGroup = 8CEC193C1EA9722C00D4DE48;
			productRefGroup = 8CEC19461EA9722C00D4DE48 /* Products */;
			projectDirPath = "";
			projectRoot = "";
			targets = (
				8CEC19441EA9722C00D4DE48 /* Pokedex */,
			);
		};
/* End PBXProject section */

/* Begin PBXResourcesBuildPhase section */
		8CEC19431EA9722C00D4DE48 /* Resources */ = {
			isa = PBXResourcesBuildPhase;
			buildActionMask = 2147483647;
			files = (
				8CEC19531EA9722C00D4DE48 /* LaunchScreen.storyboard in Resources */,
				8CEC19501EA9722C00D4DE48 /* Assets.xcassets in Resources */,
				8CEC195D1EA9785400D4DE48 /* pokemon.csv in Resources */,
				8CEC194E1EA9722C00D4DE48 /* Main.storyboard in Resources */,
			);
			runOnlyForDeploymentPostprocessing = 0;
		};
/* End PBXResourcesBuildPhase section */

/* Begin PBXSourcesBuildPhase section */
		8CEC19411EA9722C00D4DE48 /* Sources */ = {
			isa = PBXSourcesBuildPhase;
			buildActionMask = 2147483647;
			files = (
				8C19CFCF1EA9F9FD00A109C9 /* PokeCell.swift in Sources */,
				8CEC194B1EA9722C00D4DE48 /* ViewController.swift in Sources */,
				8CEC19491EA9722C00D4DE48 /* AppDelegate.swift in Sources */,
				8CEC195F1EA9790300D4DE48 /* Pokemon.swift in Sources */,
				8C19D0141EAB106800A109C9 /* csv.swift in Sources */,
			);
			runOnlyForDeploymentPostprocessing = 0;
		};
/* End PBXSourcesBuildPhase section */

/* Begin PBXVariantGroup section */
		8CEC194C1EA9722C00D4DE48 /* Main.storyboard */ = {
			isa = PBXVariantGroup;
			children = (
				8CEC194D1EA9722C00D4DE48 /* Base */,
			);
			name = Main.storyboard;
			sourceTree = "<group>";
		};
		8CEC19511EA9722C00D4DE48 /* LaunchScreen.storyboard */ = {
			isa = PBXVariantGroup;
			children = (
				8CEC19521EA9722C00D4DE48 /* Base */,
			);
			name = LaunchScreen.storyboard;
			sourceTree = "<group>";
		};
/* End PBXVariantGroup section */

/* Begin XCBuildConfiguration section */
		8CEC19551EA9722C00D4DE48 /* Debug */ = {
			isa = XCBuildConfiguration;
			buildSettings = {
				ALWAYS_SEARCH_USER_PATHS = NO;
				CLANG_ANALYZER_NONNULL = YES;
				CLANG_ANALYZER_NUMBER_OBJECT_CONVERSION = YES_AGGRESSIVE;
				CLANG_CXX_LANGUAGE_STANDARD = "gnu++0x";
				CLANG_CXX_LIBRARY = "libc++";
				CLANG_ENABLE_MODULES = YES;
				CLANG_ENABLE_OBJC_ARC = YES;
				CLANG_WARN_BOOL_CONVERSION = YES;
				CLANG_WARN_CONSTANT_CONVERSION = YES;
				CLANG_WARN_DIRECT_OBJC_ISA_USAGE = YES_ERROR;
				CLANG_WARN_DOCUMENTATION_COMMENTS = YES;
				CLANG_WARN_EMPTY_BODY = YES;
				CLANG_WARN_ENUM_CONVERSION = YES;
				CLANG_WARN_INFINITE_RECURSION = YES;
				CLANG_WARN_INT_CONVERSION = YES;
				CLANG_WARN_OBJC_ROOT_CLASS = YES_ERROR;
				CLANG_WARN_SUSPICIOUS_MOVE = YES;
				CLANG_WARN_UNREACHABLE_CODE = YES;
				CLANG_WARN__DUPLICATE_METHOD_MATCH = YES;
				"CODE_SIGN_IDENTITY[sdk=iphoneos*]" = "iPhone Developer";
				COPY_PHASE_STRIP = NO;
				DEBUG_INFORMATION_FORMAT = dwarf;
				ENABLE_STRICT_OBJC_MSGSEND = YES;
				ENABLE_TESTABILITY = YES;
				GCC_C_LANGUAGE_STANDARD = gnu99;
				GCC_DYNAMIC_NO_PIC = NO;
				GCC_NO_COMMON_BLOCKS = YES;
				GCC_OPTIMIZATION_LEVEL = 0;
				GCC_PREPROCESSOR_DEFINITIONS = (
					"DEBUG=1",
					"$(inherited)",
				);
				GCC_WARN_64_TO_32_BIT_CONVERSION = YES;
				GCC_WARN_ABOUT_RETURN_TYPE = YES_ERROR;
				GCC_WARN_UNDECLARED_SELECTOR = YES;
				GCC_WARN_UNINITIALIZED_AUTOS = YES_AGGRESSIVE;
				GCC_WARN_UNUSED_FUNCTION = YES;
				GCC_WARN_UNUSED_VARIABLE = YES;
				IPHONEOS_DEPLOYMENT_TARGET = 10.3;
				MTL_ENABLE_DEBUG_INFO = YES;
				ONLY_ACTIVE_ARCH = YES;
				SDKROOT = iphoneos;
				SWIFT_ACTIVE_COMPILATION_CONDITIONS = DEBUG;
				SWIFT_OPTIMIZATION_LEVEL = "-Onone";
				TARGETED_DEVICE_FAMILY = "1,2";
			};
			name = Debug;
		};
		8CEC19561EA9722C00D4DE48 /* Release */ = {
			isa = XCBuildConfiguration;
			buildSettings = {
				ALWAYS_SEARCH_USER_PATHS = NO;
				CLANG_ANALYZER_NONNULL = YES;
				CLANG_ANALYZER_NUMBER_OBJECT_CONVERSION = YES_AGGRESSIVE;
				CLANG_CXX_LANGUAGE_STANDARD = "gnu++0x";
				CLANG_CXX_LIBRARY = "libc++";
				CLANG_ENABLE_MODULES = YES;
				CLANG_ENABLE_OBJC_ARC = YES;
				CLANG_WARN_BOOL_CONVERSION = YES;
				CLANG_WARN_CONSTANT_CONVERSION = YES;
				CLANG_WARN_DIRECT_OBJC_ISA_USAGE = YES_ERROR;
				CLANG_WARN_DOCUMENTATION_COMMENTS = YES;
				CLANG_WARN_EMPTY_BODY = YES;
				CLANG_WARN_ENUM_CONVERSION = YES;
				CLANG_WARN_INFINITE_RECURSION = YES;
				CLANG_WARN_INT_CONVERSION = YES;
				CLANG_WARN_OBJC_ROOT_CLASS = YES_ERROR;
				CLANG_WARN_SUSPICIOUS_MOVE = YES;
				CLANG_WARN_UNREACHABLE_CODE = YES;
				CLANG_WARN__DUPLICATE_METHOD_MATCH = YES;
				"CODE_SIGN_IDENTITY[sdk=iphoneos*]" = "iPhone Developer";
				COPY_PHASE_STRIP = NO;
				DEBUG_INFORMATION_FORMAT = "dwarf-with-dsym";
				ENABLE_NS_ASSERTIONS = NO;
				ENABLE_STRICT_OBJC_MSGSEND = YES;
				GCC_C_LANGUAGE_STANDARD = gnu99;
				GCC_NO_COMMON_BLOCKS = YES;
				GCC_WARN_64_TO_32_BIT_CONVERSION = YES;
				GCC_WARN_ABOUT_RETURN_TYPE = YES_ERROR;
				GCC_WARN_UNDECLARED_SELECTOR = YES;
				GCC_WARN_UNINITIALIZED_AUTOS = YES_AGGRESSIVE;
				GCC_WARN_UNUSED_FUNCTION = YES;
				GCC_WARN_UNUSED_VARIABLE = YES;
				IPHONEOS_DEPLOYMENT_TARGET = 10.3;
				MTL_ENABLE_DEBUG_INFO = NO;
				SDKROOT = iphoneos;
				SWIFT_OPTIMIZATION_LEVEL = "-Owholemodule";
				TARGETED_DEVICE_FAMILY = "1,2";
				VALIDATE_PRODUCT = YES;
			};
			name = Release;
		};
		8CEC19581EA9722C00D4DE48 /* Debug */ = {
			isa = XCBuildConfiguration;
			buildSettings = {
				ASSETCATALOG_COMPILER_APPICON_NAME = AppIcon;
				DEVELOPMENT_TEAM = 94EUZPM3TC;
				INFOPLIST_FILE = Pokedex/Info.plist;
				LD_RUNPATH_SEARCH_PATHS = "$(inherited) @executable_path/Frameworks";
				PRODUCT_BUNDLE_IDENTIFIER = com.simonzhen.Pokedex;
				PRODUCT_NAME = "$(TARGET_NAME)";
				SWIFT_VERSION = 3.0;
			};
			name = Debug;
		};
		8CEC19591EA9722C00D4DE48 /* Release */ = {
			isa = XCBuildConfiguration;
			buildSettings = {
				ASSETCATALOG_COMPILER_APPICON_NAME = AppIcon;
				DEVELOPMENT_TEAM = 94EUZPM3TC;
				INFOPLIST_FILE = Pokedex/Info.plist;
				LD_RUNPATH_SEARCH_PATHS = "$(inherited) @executable_path/Frameworks";
				PRODUCT_BUNDLE_IDENTIFIER = com.simonzhen.Pokedex;
				PRODUCT_NAME = "$(TARGET_NAME)";
				SWIFT_VERSION = 3.0;
			};
			name = Release;
		};
/* End XCBuildConfiguration section */

/* Begin XCConfigurationList section */
		8CEC19401EA9722C00D4DE48 /* Build configuration list for PBXProject "Pokedex" */ = {
			isa = XCConfigurationList;
			buildConfigurations = (
				8CEC19551EA9722C00D4DE48 /* Debug */,
				8CEC19561EA9722C00D4DE48 /* Release */,
			);
			defaultConfigurationIsVisible = 0;
			defaultConfigurationName = Release;
		};
		8CEC19571EA9722C00D4DE48 /* Build configuration list for PBXNativeTarget "Pokedex" */ = {
			isa = XCConfigurationList;
			buildConfigurations = (
				8CEC19581EA9722C00D4DE48 /* Debug */,
				8CEC19591EA9722C00D4DE48 /* Release */,
			);
			defaultConfigurationIsVisible = 0;
			defaultConfigurationName = Release;
		};
/* End XCConfigurationList section */
	};
	rootObject = 8CEC193D1EA9722C00D4DE48 /* Project object */;
}
